
Microsoft Visual Studio Solution File, Format Version 12.00
# Visual Studio Version 17
VisualStudioVersion = 17.0.31903.59
MinimumVisualStudioVersion = 10.0.40219.1
Project("{FAE04EC0-301F-11D3-BF4B-00C04F79EFBC}") = "AcademyApp.Domain", "AcademyApp.Domain\AcademyApp.Domain.csproj", "{5FADC845-F14F-4A85-82E5-DE25DFD4FD4C}"
EndProject
Project("{FAE04EC0-301F-11D3-BF4B-00C04F79EFBC}") = "AcademyApp.Application", "AcademyApp.Application\AcademyApp.Application.csproj", "{C25A0FB8-C10A-4F94-BB22-5ED0F1B47757}"
EndProject
Project("{FAE04EC0-301F-11D3-BF4B-00C04F79EFBC}") = "AcademyApp.Infrastructure", "AcademyApp.Infrastructure\AcademyApp.Infrastructure.csproj", "{385FFF4A-C072-41F4-A4DA-233F74C79695}"
EndProject
Project("{FAE04EC0-301F-11D3-BF4B-00C04F79EFBC}") = "AcademyApp.Web", "AcademyApp.Web\AcademyApp.Web.csproj", "{518E07AD-B486-471E-9C01-9F5B5C2487E4}"
EndProject
Global
	GlobalSection(SolutionConfigurationPlatforms) = preSolution
		Debug|Any CPU = Debug|Any CPU
		Debug|x64 = Debug|x64
		Debug|x86 = Debug|x86
		Release|Any CPU = Release|Any CPU
		Release|x64 = Release|x64
		Release|x86 = Release|x86
	EndGlobalSection
	GlobalSection(ProjectConfigurationPlatforms) = postSolution
		{5FADC845-F14F-4A85-82E5-DE25DFD4FD4C}.Debug|Any CPU.ActiveCfg = Debug|Any CPU
		{5FADC845-F14F-4A85-82E5-DE25DFD4FD4C}.Debug|Any CPU.Build.0 = Debug|Any CPU
		{5FADC845-F14F-4A85-82E5-DE25DFD4FD4C}.Debug|x64.ActiveCfg = Debug|Any CPU
		{5FADC845-F14F-4A85-82E5-DE25DFD4FD4C}.Debug|x64.Build.0 = Debug|Any CPU
		{5FADC845-F14F-4A85-82E5-DE25DFD4FD4C}.Debug|x86.ActiveCfg = Debug|Any CPU
		{5FADC845-F14F-4A85-82E5-DE25DFD4FD4C}.Debug|x86.Build.0 = Debug|Any CPU
		{5FADC845-F14F-4A85-82E5-DE25DFD4FD4C}.Release|Any CPU.ActiveCfg = Release|Any CPU
		{5FADC845-F14F-4A85-82E5-DE25DFD4FD4C}.Release|Any CPU.Build.0 = Release|Any CPU
		{5FADC845-F14F-4A85-82E5-DE25DFD4FD4C}.Release|x64.ActiveCfg = Release|Any CPU
		{5FADC845-F14F-4A85-82E5-DE25DFD4FD4C}.Release|x64.Build.0 = Release|Any CPU
		{5FADC845-F14F-4A85-82E5-DE25DFD4FD4C}.Release|x86.ActiveCfg = Release|Any CPU
		{5FADC845-F14F-4A85-82E5-DE25DFD4FD4C}.Release|x86.Build.0 = Release|Any CPU
		{C25A0FB8-C10A-4F94-BB22-5ED0F1B47757}.Debug|Any CPU.ActiveCfg = Debug|Any CPU
		{C25A0FB8-C10A-4F94-BB22-5ED0F1B47757}.Debug|Any CPU.Build.0 = Debug|Any CPU
		{C25A0FB8-C10A-4F94-BB22-5ED0F1B47757}.Debug|x64.ActiveCfg = Debug|Any CPU
		{C25A0FB8-C10A-4F94-BB22-5ED0F1B47757}.Debug|x64.Build.0 = Debug|Any CPU
		{C25A0FB8-C10A-4F94-BB22-5ED0F1B47757}.Debug|x86.ActiveCfg = Debug|Any CPU
		{C25A0FB8-C10A-4F94-BB22-5ED0F1B47757}.Debug|x86.Build.0 = Debug|Any CPU
		{C25A0FB8-C10A-4F94-BB22-5ED0F1B47757}.Release|Any CPU.ActiveCfg = Release|Any CPU
		{C25A0FB8-C10A-4F94-BB22-5ED0F1B47757}.Release|Any CPU.Build.0 = Release|Any CPU
		{C25A0FB8-C10A-4F94-BB22-5ED0F1B47757}.Release|x64.ActiveCfg = Release|Any CPU
		{C25A0FB8-C10A-4F94-BB22-5ED0F1B47757}.Release|x64.Build.0 = Release|Any CPU
		{C25A0FB8-C10A-4F94-BB22-5ED0F1B47757}.Release|x86.ActiveCfg = Release|Any CPU
		{C25A0FB8-C10A-4F94-BB22-5ED0F1B47757}.Release|x86.Build.0 = Release|Any CPU
		{385FFF4A-C072-41F4-A4DA-233F74C79695}.Debug|Any CPU.ActiveCfg = Debug|Any CPU
		{385FFF4A-C072-41F4-A4DA-233F74C79695}.Debug|Any CPU.Build.0 = Debug|Any CPU
		{385FFF4A-C072-41F4-A4DA-233F74C79695}.Debug|x64.ActiveCfg = Debug|Any CPU
		{385FFF4A-C072-41F4-A4DA-233F74C79695}.Debug|x64.Build.0 = Debug|Any CPU
		{385FFF4A-C072-41F4-A4DA-233F74C79695}.Debug|x86.ActiveCfg = Debug|Any CPU
		{385FFF4A-C072-41F4-A4DA-233F74C79695}.Debug|x86.Build.0 = Debug|Any CPU
		{385FFF4A-C072-41F4-A4DA-233F74C79695}.Release|Any CPU.ActiveCfg = Release|Any CPU
		{385FFF4A-C072-41F4-A4DA-233F74C79695}.Release|Any CPU.Build.0 = Release|Any CPU
		{385FFF4A-C072-41F4-A4DA-233F74C79695}.Release|x64.ActiveCfg = Release|Any CPU
		{385FFF4A-C072-41F4-A4DA-233F74C79695}.Release|x64.Build.0 = Release|Any CPU
		{385FFF4A-C072-41F4-A4DA-233F74C79695}.Release|x86.ActiveCfg = Release|Any CPU
		{385FFF4A-C072-41F4-A4DA-233F74C79695}.Release|x86.Build.0 = Release|Any CPU
		{518E07AD-B486-471E-9C01-9F5B5C2487E4}.Debug|Any CPU.ActiveCfg = Debug|Any CPU
		{518E07AD-B486-471E-9C01-9F5B5C2487E4}.Debug|Any CPU.Build.0 = Debug|Any CPU
		{518E07AD-B486-471E-9C01-9F5B5C2487E4}.Debug|x64.ActiveCfg = Debug|Any CPU
		{518E07AD-B486-471E-9C01-9F5B5C2487E4}.Debug|x64.Build.0 = Debug|Any CPU
		{518E07AD-B486-471E-9C01-9F5B5C2487E4}.Debug|x86.ActiveCfg = Debug|Any CPU
		{518E07AD-B486-471E-9C01-9F5B5C2487E4}.Debug|x86.Build.0 = Debug|Any CPU
		{518E07AD-B486-471E-9C01-9F5B5C2487E4}.Release|Any CPU.ActiveCfg = Release|Any CPU
		{518E07AD-B486-471E-9C01-9F5B5C2487E4}.Release|Any CPU.Build.0 = Release|Any CPU
		{518E07AD-B486-471E-9C01-9F5B5C2487E4}.Release|x64.ActiveCfg = Release|Any CPU
		{518E07AD-B486-471E-9C01-9F5B5C2487E4}.Release|x64.Build.0 = Release|Any CPU
		{518E07AD-B486-471E-9C01-9F5B5C2487E4}.Release|x86.ActiveCfg = Release|Any CPU
		{518E07AD-B486-471E-9C01-9F5B5C2487E4}.Release|x86.Build.0 = Release|Any CPU
	EndGlobalSection
	GlobalSection(SolutionProperties) = preSolution
		HideSolutionNode = FALSE
	EndGlobalSection
	GlobalSection(ExtensibilityGlobals) = postSolution
		SolutionGuid = {0B88A65E-BE2F-44E2-A2A3-B12000F94167}
	EndGlobalSection
EndGlobal
